
Microsoft Visual Studio Solution File, Format Version 12.00
# Visual Studio Version 16
VisualStudioVersion = 16.0.30509.190
MinimumVisualStudioVersion = 10.0.40219.1
Project("{9A19103F-16F7-4668-BE54-9A1E7A4F7556}") = "AppUI", "AppUI\AppUI.csproj", "{EF5518FA-F0C1-4A67-9D51-59D33E30583F}"
EndProject
Project("{FAE04EC0-301F-11D3-BF4B-00C04F79EFBC}") = "Domain", "Domain\Domain.csproj", "{CA6EE868-F26E-4E65-B49D-67902D2F4B4A}"
EndProject
Project("{FAE04EC0-301F-11D3-BF4B-00C04F79EFBC}") = "Infrastructure", "Infrastructure\Infrastructure.csproj", "{093667F8-342C-40A4-80DD-92ED20A4C0AB}"
EndProject
Global
	GlobalSection(SolutionConfigurationPlatforms) = preSolution
		Debug|Any CPU = Debug|Any CPU
		Debug|x64 = Debug|x64
		Release|Any CPU = Release|Any CPU
		Release|x64 = Release|x64
	EndGlobalSection
	GlobalSection(ProjectConfigurationPlatforms) = postSolution
		{EF5518FA-F0C1-4A67-9D51-59D33E30583F}.Debug|Any CPU.ActiveCfg = Debug|Any CPU
		{EF5518FA-F0C1-4A67-9D51-59D33E30583F}.Debug|Any CPU.Build.0 = Debug|Any CPU
		{EF5518FA-F0C1-4A67-9D51-59D33E30583F}.Debug|x64.ActiveCfg = Debug|x64
		{EF5518FA-F0C1-4A67-9D51-59D33E30583F}.Debug|x64.Build.0 = Debug|x64
		{EF5518FA-F0C1-4A67-9D51-59D33E30583F}.Release|Any CPU.ActiveCfg = Release|Any CPU
		{EF5518FA-F0C1-4A67-9D51-59D33E30583F}.Release|Any CPU.Build.0 = Release|Any CPU
		{EF5518FA-F0C1-4A67-9D51-59D33E30583F}.Release|x64.ActiveCfg = Release|x64
		{EF5518FA-F0C1-4A67-9D51-59D33E30583F}.Release|x64.Build.0 = Release|x64
		{CA6EE868-F26E-4E65-B49D-67902D2F4B4A}.Debug|Any CPU.ActiveCfg = Debug|Any CPU
		{CA6EE868-F26E-4E65-B49D-67902D2F4B4A}.Debug|Any CPU.Build.0 = Debug|Any CPU
		{CA6EE868-F26E-4E65-B49D-67902D2F4B4A}.Debug|x64.ActiveCfg = Debug|Any CPU
		{CA6EE868-F26E-4E65-B49D-67902D2F4B4A}.Debug|x64.Build.0 = Debug|Any CPU
		{CA6EE868-F26E-4E65-B49D-67902D2F4B4A}.Release|Any CPU.ActiveCfg = Release|Any CPU
		{CA6EE868-F26E-4E65-B49D-67902D2F4B4A}.Release|Any CPU.Build.0 = Release|Any CPU
		{CA6EE868-F26E-4E65-B49D-67902D2F4B4A}.Release|x64.ActiveCfg = Release|Any CPU
		{CA6EE868-F26E-4E65-B49D-67902D2F4B4A}.Release|x64.Build.0 = Release|Any CPU
		{093667F8-342C-40A4-80DD-92ED20A4C0AB}.Debug|Any CPU.ActiveCfg = Debug|Any CPU
		{093667F8-342C-40A4-80DD-92ED20A4C0AB}.Debug|Any CPU.Build.0 = Debug|Any CPU
		{093667F8-342C-40A4-80DD-92ED20A4C0AB}.Debug|x64.ActiveCfg = Debug|Any CPU
		{093667F8-342C-40A4-80DD-92ED20A4C0AB}.Debug|x64.Build.0 = Debug|Any CPU
		{093667F8-342C-40A4-80DD-92ED20A4C0AB}.Release|Any CPU.ActiveCfg = Release|Any CPU
		{093667F8-342C-40A4-80DD-92ED20A4C0AB}.Release|Any CPU.Build.0 = Release|Any CPU
		{093667F8-342C-40A4-80DD-92ED20A4C0AB}.Release|x64.ActiveCfg = Release|Any CPU
		{093667F8-342C-40A4-80DD-92ED20A4C0AB}.Release|x64.Build.0 = Release|Any CPU
	EndGlobalSection
	GlobalSection(SolutionProperties) = preSolution
		HideSolutionNode = FALSE
	EndGlobalSection
	GlobalSection(ExtensibilityGlobals) = postSolution
		SolutionGuid = {50F097E2-4C56-4C2F-A420-7EDE69A31851}
	EndGlobalSection
EndGlobal
